// !$*UTF8*$!
{
	archiveVersion = 1;
	classes = {
	};
	objectVersion = 50;
	objects = {

/* Begin PBXBuildFile section */
		166B631225161F72004D52CF /* MyPlantsView.swift in Sources */ = {isa = PBXBuildFile; fileRef = 166B631125161F72004D52CF /* MyPlantsView.swift */; };
		166B63162516217D004D52CF /* SearchBar.swift in Sources */ = {isa = PBXBuildFile; fileRef = 166B63152516217D004D52CF /* SearchBar.swift */; };
		166B6319251622DD004D52CF /* DetailedView.swift in Sources */ = {isa = PBXBuildFile; fileRef = 166B6318251622DD004D52CF /* DetailedView.swift */; };
		166B631C25162330004D52CF /* ImageSliderView.swift in Sources */ = {isa = PBXBuildFile; fileRef = 166B631B25162330004D52CF /* ImageSliderView.swift */; };
		166B631F25162E6B004D52CF /* TrackingView.swift in Sources */ = {isa = PBXBuildFile; fileRef = 166B631E25162E6B004D52CF /* TrackingView.swift */; };
		169CE5362510B0D80089344F /* Plant_Activity_TrackerApp.swift in Sources */ = {isa = PBXBuildFile; fileRef = 169CE5352510B0D80089344F /* Plant_Activity_TrackerApp.swift */; };
		169CE5382510B0D80089344F /* ContentView.swift in Sources */ = {isa = PBXBuildFile; fileRef = 169CE5372510B0D80089344F /* ContentView.swift */; };
		169CE53A2510B0D90089344F /* Assets.xcassets in Resources */ = {isa = PBXBuildFile; fileRef = 169CE5392510B0D90089344F /* Assets.xcassets */; };
		169CE53D2510B0D90089344F /* Preview Assets.xcassets in Resources */ = {isa = PBXBuildFile; fileRef = 169CE53C2510B0D90089344F /* Preview Assets.xcassets */; };
/* End PBXBuildFile section */

/* Begin PBXFileReference section */
		166B631125161F72004D52CF /* MyPlantsView.swift */ = {isa = PBXFileReference; lastKnownFileType = sourcecode.swift; path = MyPlantsView.swift; sourceTree = "<group>"; };
		166B63152516217D004D52CF /* SearchBar.swift */ = {isa = PBXFileReference; fileEncoding = 4; lastKnownFileType = sourcecode.swift; path = SearchBar.swift; sourceTree = "<group>"; };
		166B6318251622DD004D52CF /* DetailedView.swift */ = {isa = PBXFileReference; lastKnownFileType = sourcecode.swift; path = DetailedView.swift; sourceTree = "<group>"; };
		166B631B25162330004D52CF /* ImageSliderView.swift */ = {isa = PBXFileReference; lastKnownFileType = sourcecode.swift; path = ImageSliderView.swift; sourceTree = "<group>"; };
		166B631E25162E6B004D52CF /* TrackingView.swift */ = {isa = PBXFileReference; lastKnownFileType = sourcecode.swift; path = TrackingView.swift; sourceTree = "<group>"; };
		169CE5322510B0D80089344F /* Plant Activity Tracker.app */ = {isa = PBXFileReference; explicitFileType = wrapper.application; includeInIndex = 0; path = "Plant Activity Tracker.app"; sourceTree = BUILT_PRODUCTS_DIR; };
		169CE5352510B0D80089344F /* Plant_Activity_TrackerApp.swift */ = {isa = PBXFileReference; lastKnownFileType = sourcecode.swift; path = Plant_Activity_TrackerApp.swift; sourceTree = "<group>"; };
		169CE5372510B0D80089344F /* ContentView.swift */ = {isa = PBXFileReference; lastKnownFileType = sourcecode.swift; path = ContentView.swift; sourceTree = "<group>"; };
		169CE5392510B0D90089344F /* Assets.xcassets */ = {isa = PBXFileReference; lastKnownFileType = folder.assetcatalog; path = Assets.xcassets; sourceTree = "<group>"; };
		169CE53C2510B0D90089344F /* Preview Assets.xcassets */ = {isa = PBXFileReference; lastKnownFileType = folder.assetcatalog; path = "Preview Assets.xcassets"; sourceTree = "<group>"; };
		169CE53E2510B0D90089344F /* Info.plist */ = {isa = PBXFileReference; lastKnownFileType = text.plist.xml; path = Info.plist; sourceTree = "<group>"; };
/* End PBXFileReference section */

/* Begin PBXFrameworksBuildPhase section */
		169CE52F2510B0D80089344F /* Frameworks */ = {
			isa = PBXFrameworksBuildPhase;
			buildActionMask = 2147483647;
			files = (
			);
			runOnlyForDeploymentPostprocessing = 0;
		};
/* End PBXFrameworksBuildPhase section */

/* Begin PBXGroup section */
		169CE5292510B0D80089344F = {
			isa = PBXGroup;
			children = (
				169CE5342510B0D80089344F /* Plant Activity Tracker */,
				169CE5332510B0D80089344F /* Products */,
			);
			sourceTree = "<group>";
		};
		169CE5332510B0D80089344F /* Products */ = {
			isa = PBXGroup;
			children = (
				169CE5322510B0D80089344F /* Plant Activity Tracker.app */,
			);
			name = Products;
			sourceTree = "<group>";
		};
		169CE5342510B0D80089344F /* Plant Activity Tracker */ = {
			isa = PBXGroup;
			children = (
				169CE5352510B0D80089344F /* Plant_Activity_TrackerApp.swift */,
				166B6318251622DD004D52CF /* DetailedView.swift */,
				166B631E25162E6B004D52CF /* TrackingView.swift */,
				166B631B25162330004D52CF /* ImageSliderView.swift */,
				169CE5372510B0D80089344F /* ContentView.swift */,
				166B631125161F72004D52CF /* MyPlantsView.swift */,
				166B63152516217D004D52CF /* SearchBar.swift */,
				169CE5392510B0D90089344F /* Assets.xcassets */,
				169CE53E2510B0D90089344F /* Info.plist */,
				169CE53B2510B0D90089344F /* Preview Content */,
			);
			path = "Plant Activity Tracker";
			sourceTree = "<group>";
		};
		169CE53B2510B0D90089344F /* Preview Content */ = {
			isa = PBXGroup;
			children = (
				169CE53C2510B0D90089344F /* Preview Assets.xcassets */,
			);
			path = "Preview Content";
			sourceTree = "<group>";
		};
/* End PBXGroup section */

/* Begin PBXNativeTarget section */
		169CE5312510B0D80089344F /* Plant Activity Tracker */ = {
			isa = PBXNativeTarget;
			buildConfigurationList = 169CE5412510B0D90089344F /* Build configuration list for PBXNativeTarget "Plant Activity Tracker" */;
			buildPhases = (
				169CE52E2510B0D80089344F /* Sources */,
				169CE52F2510B0D80089344F /* Frameworks */,
				169CE5302510B0D80089344F /* Resources */,
			);
			buildRules = (
			);
			dependencies = (
			);
			name = "Plant Activity Tracker";
			productName = "Plant Activity Tracker";
			productReference = 169CE5322510B0D80089344F /* Plant Activity Tracker.app */;
			productType = "com.apple.product-type.application";
		};
/* End PBXNativeTarget section */

/* Begin PBXProject section */
		169CE52A2510B0D80089344F /* Project object */ = {
			isa = PBXProject;
			attributes = {
				LastSwiftUpdateCheck = 1200;
				LastUpgradeCheck = 1200;
				TargetAttributes = {
					169CE5312510B0D80089344F = {
						CreatedOnToolsVersion = 12.0;
					};
				};
			};
			buildConfigurationList = 169CE52D2510B0D80089344F /* Build configuration list for PBXProject "Plant Activity Tracker" */;
			compatibilityVersion = "Xcode 9.3";
			developmentRegion = en;
			hasScannedForEncodings = 0;
			knownRegions = (
				en,
				Base,
			);
			mainGroup = 169CE5292510B0D80089344F;
			productRefGroup = 169CE5332510B0D80089344F /* Products */;
			projectDirPath = "";
			projectRoot = "";
			targets = (
				169CE5312510B0D80089344F /* Plant Activity Tracker */,
			);
		};
/* End PBXProject section */

/* Begin PBXResourcesBuildPhase section */
		169CE5302510B0D80089344F /* Resources */ = {
			isa = PBXResourcesBuildPhase;
			buildActionMask = 2147483647;
			files = (
				169CE53D2510B0D90089344F /* Preview Assets.xcassets in Resources */,
				169CE53A2510B0D90089344F /* Assets.xcassets in Resources */,
			);
			runOnlyForDeploymentPostprocessing = 0;
		};
/* End PBXResourcesBuildPhase section */

/* Begin PBXSourcesBuildPhase section */
		169CE52E2510B0D80089344F /* Sources */ = {
			isa = PBXSourcesBuildPhase;
			buildActionMask = 2147483647;
			files = (
				166B631F25162E6B004D52CF /* TrackingView.swift in Sources */,
				169CE5382510B0D80089344F /* ContentView.swift in Sources */,
				166B63162516217D004D52CF /* SearchBar.swift in Sources */,
				166B6319251622DD004D52CF /* DetailedView.swift in Sources */,
				166B631C25162330004D52CF /* ImageSliderView.swift in Sources */,
				166B631225161F72004D52CF /* MyPlantsView.swift in Sources */,
				169CE5362510B0D80089344F /* Plant_Activity_TrackerApp.swift in Sources */,
			);
			runOnlyForDeploymentPostprocessing = 0;
		};
/* End PBXSourcesBuildPhase section */

/* Begin XCBuildConfiguration section */
		169CE53F2510B0D90089344F /* Debug */ = {
			isa = XCBuildConfiguration;
			buildSettings = {
				ALWAYS_SEARCH_USER_PATHS = NO;
				CLANG_ANALYZER_NONNULL = YES;
				CLANG_ANALYZER_NUMBER_OBJECT_CONVERSION = YES_AGGRESSIVE;
				CLANG_CXX_LANGUAGE_STANDARD = "gnu++14";
				CLANG_CXX_LIBRARY = "libc++";
				CLANG_ENABLE_MODULES = YES;
				CLANG_ENABLE_OBJC_ARC = YES;
				CLANG_ENABLE_OBJC_WEAK = YES;
				CLANG_WARN_BLOCK_CAPTURE_AUTORELEASING = YES;
				CLANG_WARN_BOOL_CONVERSION = YES;
				CLANG_WARN_COMMA = YES;
				CLANG_WARN_CONSTANT_CONVERSION = YES;
				CLANG_WARN_DEPRECATED_OBJC_IMPLEMENTATIONS = YES;
				CLANG_WARN_DIRECT_OBJC_ISA_USAGE = YES_ERROR;
				CLANG_WARN_DOCUMENTATION_COMMENTS = YES;
				CLANG_WARN_EMPTY_BODY = YES;
				CLANG_WARN_ENUM_CONVERSION = YES;
				CLANG_WARN_INFINITE_RECURSION = YES;
				CLANG_WARN_INT_CONVERSION = YES;
				CLANG_WARN_NON_LITERAL_NULL_CONVERSION = YES;
				CLANG_WARN_OBJC_IMPLICIT_RETAIN_SELF = YES;
				CLANG_WARN_OBJC_LITERAL_CONVERSION = YES;
				CLANG_WARN_OBJC_ROOT_CLASS = YES_ERROR;
				CLANG_WARN_QUOTED_INCLUDE_IN_FRAMEWORK_HEADER = YES;
				CLANG_WARN_RANGE_LOOP_ANALYSIS = YES;
				CLANG_WARN_STRICT_PROTOTYPES = YES;
				CLANG_WARN_SUSPICIOUS_MOVE = YES;
				CLANG_WARN_UNGUARDED_AVAILABILITY = YES_AGGRESSIVE;
				CLANG_WARN_UNREACHABLE_CODE = YES;
				CLANG_WARN__DUPLICATE_METHOD_MATCH = YES;
				COPY_PHASE_STRIP = NO;
				DEBUG_INFORMATION_FORMAT = dwarf;
				ENABLE_STRICT_OBJC_MSGSEND = YES;
				ENABLE_TESTABILITY = YES;
				GCC_C_LANGUAGE_STANDARD = gnu11;
				GCC_DYNAMIC_NO_PIC = NO;
				GCC_NO_COMMON_BLOCKS = YES;
				GCC_OPTIMIZATION_LEVEL = 0;
				GCC_PREPROCESSOR_DEFINITIONS = (
					"DEBUG=1",
					"$(inherited)",
				);
				GCC_WARN_64_TO_32_BIT_CONVERSION = YES;
				GCC_WARN_ABOUT_RETURN_TYPE = YES_ERROR;
				GCC_WARN_UNDECLARED_SELECTOR = YES;
				GCC_WARN_UNINITIALIZED_AUTOS = YES_AGGRESSIVE;
				GCC_WARN_UNUSED_FUNCTION = YES;
				GCC_WARN_UNUSED_VARIABLE = YES;
				IPHONEOS_DEPLOYMENT_TARGET = 14.0;
				MTL_ENABLE_DEBUG_INFO = INCLUDE_SOURCE;
				MTL_FAST_MATH = YES;
				ONLY_ACTIVE_ARCH = YES;
				SDKROOT = iphoneos;
				SWIFT_ACTIVE_COMPILATION_CONDITIONS = DEBUG;
				SWIFT_OPTIMIZATION_LEVEL = "-Onone";
			};
			name = Debug;
		};
		169CE5402510B0D90089344F /* Release */ = {
			isa = XCBuildConfiguration;
			buildSettings = {
				ALWAYS_SEARCH_USER_PATHS = NO;
				CLANG_ANALYZER_NONNULL = YES;
				CLANG_ANALYZER_NUMBER_OBJECT_CONVERSION = YES_AGGRESSIVE;
				CLANG_CXX_LANGUAGE_STANDARD = "gnu++14";
				CLANG_CXX_LIBRARY = "libc++";
				CLANG_ENABLE_MODULES = YES;
				CLANG_ENABLE_OBJC_ARC = YES;
				CLANG_ENABLE_OBJC_WEAK = YES;
				CLANG_WARN_BLOCK_CAPTURE_AUTORELEASING = YES;
				CLANG_WARN_BOOL_CONVERSION = YES;
				CLANG_WARN_COMMA = YES;
				CLANG_WARN_CONSTANT_CONVERSION = YES;
				CLANG_WARN_DEPRECATED_OBJC_IMPLEMENTATIONS = YES;
				CLANG_WARN_DIRECT_OBJC_ISA_USAGE = YES_ERROR;
				CLANG_WARN_DOCUMENTATION_COMMENTS = YES;
				CLANG_WARN_EMPTY_BODY = YES;
				CLANG_WARN_ENUM_CONVERSION = YES;
				CLANG_WARN_INFINITE_RECURSION = YES;
				CLANG_WARN_INT_CONVERSION = YES;
				CLANG_WARN_NON_LITERAL_NULL_CONVERSION = YES;
				CLANG_WARN_OBJC_IMPLICIT_RETAIN_SELF = YES;
				CLANG_WARN_OBJC_LITERAL_CONVERSION = YES;
				CLANG_WARN_OBJC_ROOT_CLASS = YES_ERROR;
				CLANG_WARN_QUOTED_INCLUDE_IN_FRAMEWORK_HEADER = YES;
				CLANG_WARN_RANGE_LOOP_ANALYSIS = YES;
				CLANG_WARN_STRICT_PROTOTYPES = YES;
				CLANG_WARN_SUSPICIOUS_MOVE = YES;
				CLANG_WARN_UNGUARDED_AVAILABILITY = YES_AGGRESSIVE;
				CLANG_WARN_UNREACHABLE_CODE = YES;
				CLANG_WARN__DUPLICATE_METHOD_MATCH = YES;
				COPY_PHASE_STRIP = NO;
				DEBUG_INFORMATION_FORMAT = "dwarf-with-dsym";
				ENABLE_NS_ASSERTIONS = NO;
				ENABLE_STRICT_OBJC_MSGSEND = YES;
				GCC_C_LANGUAGE_STANDARD = gnu11;
				GCC_NO_COMMON_BLOCKS = YES;
				GCC_WARN_64_TO_32_BIT_CONVERSION = YES;
				GCC_WARN_ABOUT_RETURN_TYPE = YES_ERROR;
				GCC_WARN_UNDECLARED_SELECTOR = YES;
				GCC_WARN_UNINITIALIZED_AUTOS = YES_AGGRESSIVE;
				GCC_WARN_UNUSED_FUNCTION = YES;
				GCC_WARN_UNUSED_VARIABLE = YES;
				IPHONEOS_DEPLOYMENT_TARGET = 14.0;
				MTL_ENABLE_DEBUG_INFO = NO;
				MTL_FAST_MATH = YES;
				SDKROOT = iphoneos;
				SWIFT_COMPILATION_MODE = wholemodule;
				SWIFT_OPTIMIZATION_LEVEL = "-O";
				VALIDATE_PRODUCT = YES;
			};
			name = Release;
		};
		169CE5422510B0D90089344F /* Debug */ = {
			isa = XCBuildConfiguration;
			buildSettings = {
				ASSETCATALOG_COMPILER_APPICON_NAME = AppIcon;
				ASSETCATALOG_COMPILER_GLOBAL_ACCENT_COLOR_NAME = AccentColor;
				CODE_SIGN_STYLE = Automatic;
				DEVELOPMENT_ASSET_PATHS = "\"Plant Activity Tracker/Preview Content\"";
				DEVELOPMENT_TEAM = W6WC7CXPN4;
				ENABLE_PREVIEWS = YES;
				INFOPLIST_FILE = "Plant Activity Tracker/Info.plist";
				IPHONEOS_DEPLOYMENT_TARGET = 14.0;
				LD_RUNPATH_SEARCH_PATHS = (
					"$(inherited)",
					"@executable_path/Frameworks",
				);
				PRODUCT_BUNDLE_IDENTIFIER = "usmanmukhtar.Plant-Activity-Tracker";
				PRODUCT_NAME = "$(TARGET_NAME)";
				SWIFT_VERSION = 5.0;
				TARGETED_DEVICE_FAMILY = "1,2";
			};
			name = Debug;
		};
		169CE5432510B0D90089344F /* Release */ = {
			isa = XCBuildConfiguration;
			buildSettings = {
				ASSETCATALOG_COMPILER_APPICON_NAME = AppIcon;
				ASSETCATALOG_COMPILER_GLOBAL_ACCENT_COLOR_NAME = AccentColor;
				CODE_SIGN_STYLE = Automatic;
				DEVELOPMENT_ASSET_PATHS = "\"Plant Activity Tracker/Preview Content\"";
				DEVELOPMENT_TEAM = W6WC7CXPN4;
				ENABLE_PREVIEWS = YES;
				INFOPLIST_FILE = "Plant Activity Tracker/Info.plist";
				IPHONEOS_DEPLOYMENT_TARGET = 14.0;
				LD_RUNPATH_SEARCH_PATHS = (
					"$(inherited)",
					"@executable_path/Frameworks",
				);
				PRODUCT_BUNDLE_IDENTIFIER = "usmanmukhtar.Plant-Activity-Tracker";
				PRODUCT_NAME = "$(TARGET_NAME)";
				SWIFT_VERSION = 5.0;
				TARGETED_DEVICE_FAMILY = "1,2";
			};
			name = Release;
		};
/* End XCBuildConfiguration section */

/* Begin XCConfigurationList section */
		169CE52D2510B0D80089344F /* Build configuration list for PBXProject "Plant Activity Tracker" */ = {
			isa = XCConfigurationList;
			buildConfigurations = (
				169CE53F2510B0D90089344F /* Debug */,
				169CE5402510B0D90089344F /* Release */,
			);
			defaultConfigurationIsVisible = 0;
			defaultConfigurationName = Release;
		};
		169CE5412510B0D90089344F /* Build configuration list for PBXNativeTarget "Plant Activity Tracker" */ = {
			isa = XCConfigurationList;
			buildConfigurations = (
				169CE5422510B0D90089344F /* Debug */,
				169CE5432510B0D90089344F /* Release */,
			);
			defaultConfigurationIsVisible = 0;
			defaultConfigurationName = Release;
		};
/* End XCConfigurationList section */
	};
	rootObject = 169CE52A2510B0D80089344F /* Project object */;
}
